
Microsoft Visual Studio Solution File, Format Version 12.00
# Visual Studio 14
VisualStudioVersion = 14.0.23107.0
MinimumVisualStudioVersion = 10.0.40219.1
Project("{2150E333-8FDC-42A3-9474-1A3956D46DE8}") = ".nuget", ".nuget", "{CF2ECEBB-9FFE-4C32-A577-675D0FD91765}"
	ProjectSection(SolutionItems) = preProject
		.nuget\NuGet.Config = .nuget\NuGet.Config
		.nuget\NuGet.exe = .nuget\NuGet.exe
		.nuget\NuGet.targets = .nuget\NuGet.targets
	EndProjectSection
EndProject
Project("{2150E333-8FDC-42A3-9474-1A3956D46DE8}") = "UnitTests", "UnitTests", "{60AA9869-09DB-4859-92AC-B10AEC0069D8}"
EndProject
Project("{2150E333-8FDC-42A3-9474-1A3956D46DE8}") = "Solution Items", "Solution Items", "{806228F6-072D-4532-A472-DB4FAD9E28D8}"
	ProjectSection(SolutionItems) = preProject
		Local.testsettings = Local.testsettings
		TraceAndTestImpact.testsettings = TraceAndTestImpact.testsettings
		u2flib.vsmdi = u2flib.vsmdi
	EndProjectSection
EndProject
Project("{2150E333-8FDC-42A3-9474-1A3956D46DE8}") = "DemoSite", "DemoSite", "{EA5C2005-D8FA-4465-AE7F-A01E7D657EAD}"
EndProject
Project("{FAE04EC0-301F-11D3-BF4B-00C04F79EFBC}") = "u2flib", "u2flib\u2flib.csproj", "{98777070-04C9-442D-8E60-4E0B1E7FCDBF}"
EndProject
Project("{FAE04EC0-301F-11D3-BF4B-00C04F79EFBC}") = "UnitTests", "UnitTests\UnitTests.csproj", "{86B55A3E-AB20-40D3-90B7-14AF33C7A4B7}"
EndProject
Project("{FAE04EC0-301F-11D3-BF4B-00C04F79EFBC}") = "DemoU2FSite", "DemoU2FSite\DemoU2FSite.csproj", "{F74640A0-E24E-4ECB-B25F-F87160F11EAC}"
EndProject
Project("{FAE04EC0-301F-11D3-BF4B-00C04F79EFBC}") = "Repositories", "Repositories\Repositories.csproj", "{A58F53C9-A51D-4548-A70C-3A08AA635A71}"
EndProject
Project("{FAE04EC0-301F-11D3-BF4B-00C04F79EFBC}") = "Services", "Services\Services.csproj", "{5D7F3587-39D8-4CC1-B693-049327688022}"
EndProject
Project("{FAE04EC0-301F-11D3-BF4B-00C04F79EFBC}") = "DataModels", "DataModels\DataModels.csproj", "{152FABFB-DEC9-412C-AF1C-D3231EA4AF3D}"
EndProject
Project("{FAE04EC0-301F-11D3-BF4B-00C04F79EFBC}") = "BaseLibrary", "BaseLibrary\BaseLibrary.csproj", "{DCCEF63C-D4AD-4A0D-AFB8-C4AE1AC693DC}"
EndProject
Global
	GlobalSection(SolutionConfigurationPlatforms) = preSolution
		Debug|Any CPU = Debug|Any CPU
		Release|Any CPU = Release|Any CPU
	EndGlobalSection
	GlobalSection(ProjectConfigurationPlatforms) = postSolution
		{98777070-04C9-442D-8E60-4E0B1E7FCDBF}.Debug|Any CPU.ActiveCfg = Debug|Any CPU
		{98777070-04C9-442D-8E60-4E0B1E7FCDBF}.Debug|Any CPU.Build.0 = Debug|Any CPU
		{98777070-04C9-442D-8E60-4E0B1E7FCDBF}.Release|Any CPU.ActiveCfg = Release|Any CPU
		{98777070-04C9-442D-8E60-4E0B1E7FCDBF}.Release|Any CPU.Build.0 = Release|Any CPU
		{86B55A3E-AB20-40D3-90B7-14AF33C7A4B7}.Debug|Any CPU.ActiveCfg = Debug|Any CPU
		{86B55A3E-AB20-40D3-90B7-14AF33C7A4B7}.Debug|Any CPU.Build.0 = Debug|Any CPU
		{86B55A3E-AB20-40D3-90B7-14AF33C7A4B7}.Release|Any CPU.ActiveCfg = Release|Any CPU
		{86B55A3E-AB20-40D3-90B7-14AF33C7A4B7}.Release|Any CPU.Build.0 = Release|Any CPU
		{F74640A0-E24E-4ECB-B25F-F87160F11EAC}.Debug|Any CPU.ActiveCfg = Debug|Any CPU
		{F74640A0-E24E-4ECB-B25F-F87160F11EAC}.Debug|Any CPU.Build.0 = Debug|Any CPU
		{F74640A0-E24E-4ECB-B25F-F87160F11EAC}.Release|Any CPU.ActiveCfg = Release|Any CPU
		{F74640A0-E24E-4ECB-B25F-F87160F11EAC}.Release|Any CPU.Build.0 = Release|Any CPU
		{A58F53C9-A51D-4548-A70C-3A08AA635A71}.Debug|Any CPU.ActiveCfg = Debug|Any CPU
		{A58F53C9-A51D-4548-A70C-3A08AA635A71}.Debug|Any CPU.Build.0 = Debug|Any CPU
		{A58F53C9-A51D-4548-A70C-3A08AA635A71}.Release|Any CPU.ActiveCfg = Release|Any CPU
		{A58F53C9-A51D-4548-A70C-3A08AA635A71}.Release|Any CPU.Build.0 = Release|Any CPU
		{5D7F3587-39D8-4CC1-B693-049327688022}.Debug|Any CPU.ActiveCfg = Debug|Any CPU
		{5D7F3587-39D8-4CC1-B693-049327688022}.Debug|Any CPU.Build.0 = Debug|Any CPU
		{5D7F3587-39D8-4CC1-B693-049327688022}.Release|Any CPU.ActiveCfg = Release|Any CPU
		{5D7F3587-39D8-4CC1-B693-049327688022}.Release|Any CPU.Build.0 = Release|Any CPU
		{152FABFB-DEC9-412C-AF1C-D3231EA4AF3D}.Debug|Any CPU.ActiveCfg = Debug|Any CPU
		{152FABFB-DEC9-412C-AF1C-D3231EA4AF3D}.Debug|Any CPU.Build.0 = Debug|Any CPU
		{152FABFB-DEC9-412C-AF1C-D3231EA4AF3D}.Release|Any CPU.ActiveCfg = Release|Any CPU
		{152FABFB-DEC9-412C-AF1C-D3231EA4AF3D}.Release|Any CPU.Build.0 = Release|Any CPU
		{DCCEF63C-D4AD-4A0D-AFB8-C4AE1AC693DC}.Debug|Any CPU.ActiveCfg = Debug|Any CPU
		{DCCEF63C-D4AD-4A0D-AFB8-C4AE1AC693DC}.Debug|Any CPU.Build.0 = Debug|Any CPU
		{DCCEF63C-D4AD-4A0D-AFB8-C4AE1AC693DC}.Release|Any CPU.ActiveCfg = Release|Any CPU
		{DCCEF63C-D4AD-4A0D-AFB8-C4AE1AC693DC}.Release|Any CPU.Build.0 = Release|Any CPU
	EndGlobalSection
	GlobalSection(SolutionProperties) = preSolution
		HideSolutionNode = FALSE
	EndGlobalSection
	GlobalSection(NestedProjects) = preSolution
		{806228F6-072D-4532-A472-DB4FAD9E28D8} = {60AA9869-09DB-4859-92AC-B10AEC0069D8}
		{86B55A3E-AB20-40D3-90B7-14AF33C7A4B7} = {60AA9869-09DB-4859-92AC-B10AEC0069D8}
		{F74640A0-E24E-4ECB-B25F-F87160F11EAC} = {EA5C2005-D8FA-4465-AE7F-A01E7D657EAD}
		{A58F53C9-A51D-4548-A70C-3A08AA635A71} = {EA5C2005-D8FA-4465-AE7F-A01E7D657EAD}
		{5D7F3587-39D8-4CC1-B693-049327688022} = {EA5C2005-D8FA-4465-AE7F-A01E7D657EAD}
		{152FABFB-DEC9-412C-AF1C-D3231EA4AF3D} = {EA5C2005-D8FA-4465-AE7F-A01E7D657EAD}
		{DCCEF63C-D4AD-4A0D-AFB8-C4AE1AC693DC} = {EA5C2005-D8FA-4465-AE7F-A01E7D657EAD}
	EndGlobalSection
	GlobalSection(ExtensibilityGlobals) = postSolution
		EnterpriseLibraryConfigurationToolBinariesPath = packages\Unity.2.1.505.2\lib\NET35
	EndGlobalSection
	GlobalSection(TestCaseManagementSettings) = postSolution
		CategoryFile = u2flib.vsmdi
	EndGlobalSection
EndGlobal
